
Microsoft Visual Studio Solution File, Format Version 12.00
# Visual Studio Version 17
VisualStudioVersion = 17.2.32630.192
MinimumVisualStudioVersion = 10.0.40219.1
Project("{FAE04EC0-301F-11D3-BF4B-00C04F79EFBC}") = "Module-11-Binary-Serialization", "Module-08-Serialization\Module-11-Binary-Serialization.csproj", "{30E1C3B2-89BD-4A93-9523-40ABF1196557}"
EndProject
Project("{FAE04EC0-301F-11D3-BF4B-00C04F79EFBC}") = "Module-11-Xml-Serialization", "Xml-Serialization\Module-11-Xml-Serialization.csproj", "{48DFE56F-9858-4B96-8C9B-185845BA015E}"
EndProject
Project("{9A19103F-16F7-4668-BE54-9A1E7A4F7556}") = "Module-11-JSON-Serialization", "Module-11-JSON-Serialization\Module-11-JSON-Serialization.csproj", "{BA492FC8-D7EA-4065-8862-C10CDC96C095}"
EndProject
Project("{FAE04EC0-301F-11D3-BF4B-00C04F79EFBC}") = "Module-11-Deep-Cloning-Serialization", "Deep Cloning\Module-11-Deep-Cloning-Serialization.csproj", "{DADB97A0-55F8-414D-BCD0-493A246518AA}"
EndProject
Global
	GlobalSection(SolutionConfigurationPlatforms) = preSolution
		Debug|Any CPU = Debug|Any CPU
		Release|Any CPU = Release|Any CPU
	EndGlobalSection
	GlobalSection(ProjectConfigurationPlatforms) = postSolution
		{30E1C3B2-89BD-4A93-9523-40ABF1196557}.Debug|Any CPU.ActiveCfg = Debug|Any CPU
		{30E1C3B2-89BD-4A93-9523-40ABF1196557}.Debug|Any CPU.Build.0 = Debug|Any CPU
		{30E1C3B2-89BD-4A93-9523-40ABF1196557}.Release|Any CPU.ActiveCfg = Release|Any CPU
		{30E1C3B2-89BD-4A93-9523-40ABF1196557}.Release|Any CPU.Build.0 = Release|Any CPU
		{48DFE56F-9858-4B96-8C9B-185845BA015E}.Debug|Any CPU.ActiveCfg = Debug|Any CPU
		{48DFE56F-9858-4B96-8C9B-185845BA015E}.Debug|Any CPU.Build.0 = Debug|Any CPU
		{48DFE56F-9858-4B96-8C9B-185845BA015E}.Release|Any CPU.ActiveCfg = Release|Any CPU
		{48DFE56F-9858-4B96-8C9B-185845BA015E}.Release|Any CPU.Build.0 = Release|Any CPU
		{BA492FC8-D7EA-4065-8862-C10CDC96C095}.Debug|Any CPU.ActiveCfg = Debug|Any CPU
		{BA492FC8-D7EA-4065-8862-C10CDC96C095}.Debug|Any CPU.Build.0 = Debug|Any CPU
		{BA492FC8-D7EA-4065-8862-C10CDC96C095}.Release|Any CPU.ActiveCfg = Release|Any CPU
		{BA492FC8-D7EA-4065-8862-C10CDC96C095}.Release|Any CPU.Build.0 = Release|Any CPU
		{DADB97A0-55F8-414D-BCD0-493A246518AA}.Debug|Any CPU.ActiveCfg = Debug|Any CPU
		{DADB97A0-55F8-414D-BCD0-493A246518AA}.Debug|Any CPU.Build.0 = Debug|Any CPU
		{DADB97A0-55F8-414D-BCD0-493A246518AA}.Release|Any CPU.ActiveCfg = Release|Any CPU
		{DADB97A0-55F8-414D-BCD0-493A246518AA}.Release|Any CPU.Build.0 = Release|Any CPU
	EndGlobalSection
	GlobalSection(SolutionProperties) = preSolution
		HideSolutionNode = FALSE
	EndGlobalSection
	GlobalSection(ExtensibilityGlobals) = postSolution
		SolutionGuid = {54064DF5-76DE-4D51-9E85-95D279D9A7AB}
	EndGlobalSection
EndGlobal
